
Microsoft Visual Studio Solution File, Format Version 12.00
# Visual Studio Version 17
VisualStudioVersion = 17.13.35825.156 d17.13
MinimumVisualStudioVersion = 10.0.40219.1
Project("{FAE04EC0-301F-11D3-BF4B-00C04F79EFBC}") = "CarRentalApp", "CarRentalApp\CarRentalApp.csproj", "{749B8C2C-9A9F-4AD0-9455-CBA973F18A14}"
EndProject
Global
	GlobalSection(SolutionConfigurationPlatforms) = preSolution
		Debug|Any CPU = Debug|Any CPU
		Release|Any CPU = Release|Any CPU
	EndGlobalSection
	GlobalSection(ProjectConfigurationPlatforms) = postSolution
		{749B8C2C-9A9F-4AD0-9455-CBA973F18A14}.Debug|Any CPU.ActiveCfg = Debug|Any CPU
		{749B8C2C-9A9F-4AD0-9455-CBA973F18A14}.Debug|Any CPU.Build.0 = Debug|Any CPU
		{749B8C2C-9A9F-4AD0-9455-CBA973F18A14}.Release|Any CPU.ActiveCfg = Release|Any CPU
		{749B8C2C-9A9F-4AD0-9455-CBA973F18A14}.Release|Any CPU.Build.0 = Release|Any CPU
	EndGlobalSection
	GlobalSection(SolutionProperties) = preSolution
		HideSolutionNode = FALSE
	EndGlobalSection
	GlobalSection(ExtensibilityGlobals) = postSolution
		SolutionGuid = {D894F417-DA8E-45AA-AA2F-8842D8641B6A}
	EndGlobalSection
EndGlobal
